
Microsoft Visual Studio Solution File, Format Version 12.00
# Visual Studio Version 17
VisualStudioVersion = 17.8.34330.188
MinimumVisualStudioVersion = 10.0.40219.1
Project("{FAE04EC0-301F-11D3-BF4B-00C04F79EFBC}") = "ADO.NET", "ADO.NET\ADO.NET.csproj", "{6FA4549C-4E7E-475D-8BB8-25C7B23D958E}"
EndProject
Project("{FAE04EC0-301F-11D3-BF4B-00C04F79EFBC}") = "ExternalBase", "ExternalBase\ExternalBase.csproj", "{660C258D-A92E-401A-A6E5-72161EAF0ED9}"
EndProject
Project("{FAE04EC0-301F-11D3-BF4B-00C04F79EFBC}") = "Academy", "Academy\Academy.csproj", "{0890376C-EA76-4411-ABA4-CB5DA809D99A}"
EndProject
Global
	GlobalSection(SolutionConfigurationPlatforms) = preSolution
		Debug|Any CPU = Debug|Any CPU
		Release|Any CPU = Release|Any CPU
	EndGlobalSection
	GlobalSection(ProjectConfigurationPlatforms) = postSolution
		{6FA4549C-4E7E-475D-8BB8-25C7B23D958E}.Debug|Any CPU.ActiveCfg = Debug|Any CPU
		{6FA4549C-4E7E-475D-8BB8-25C7B23D958E}.Debug|Any CPU.Build.0 = Debug|Any CPU
		{6FA4549C-4E7E-475D-8BB8-25C7B23D958E}.Release|Any CPU.ActiveCfg = Release|Any CPU
		{6FA4549C-4E7E-475D-8BB8-25C7B23D958E}.Release|Any CPU.Build.0 = Release|Any CPU
		{660C258D-A92E-401A-A6E5-72161EAF0ED9}.Debug|Any CPU.ActiveCfg = Debug|Any CPU
		{660C258D-A92E-401A-A6E5-72161EAF0ED9}.Debug|Any CPU.Build.0 = Debug|Any CPU
		{660C258D-A92E-401A-A6E5-72161EAF0ED9}.Release|Any CPU.ActiveCfg = Release|Any CPU
		{660C258D-A92E-401A-A6E5-72161EAF0ED9}.Release|Any CPU.Build.0 = Release|Any CPU
		{0890376C-EA76-4411-ABA4-CB5DA809D99A}.Debug|Any CPU.ActiveCfg = Debug|Any CPU
		{0890376C-EA76-4411-ABA4-CB5DA809D99A}.Debug|Any CPU.Build.0 = Debug|Any CPU
		{0890376C-EA76-4411-ABA4-CB5DA809D99A}.Release|Any CPU.ActiveCfg = Release|Any CPU
		{0890376C-EA76-4411-ABA4-CB5DA809D99A}.Release|Any CPU.Build.0 = Release|Any CPU
	EndGlobalSection
	GlobalSection(SolutionProperties) = preSolution
		HideSolutionNode = FALSE
	EndGlobalSection
	GlobalSection(ExtensibilityGlobals) = postSolution
		SolutionGuid = {93185C05-DCE1-4F28-9B80-0DAB1DD8989D}
	EndGlobalSection
EndGlobal
